{
  "name": "platforms_node_usage",
  "version": "1.0.0",
  "lockfileVersion": 1,
  "requires": true,
  "dependencies": {
    "@pyatnica7333331/platforms_node": {
      "version": "1.0.0",
      "resolved": "https://npm.pkg.github.com/download/@pyatnica7333331/platforms_node/1.0.0/df3de4da874a43b0296a0f1394631481ac786e84a3a644ec6e948a5fb8b10ca7",
      "integrity": "sha512-GUlvwQFLi7DZZ36IUBDTbnHgQP15zD8MNGjx5SvClq4NREQhysPTcZKMbxUFBDblXpDoVccmO0gn3zIYmf+74w=="
    }
  }
}
